
Microsoft Visual Studio Solution File, Format Version 12.00
# Visual Studio Version 16
VisualStudioVersion = 16.0.29519.181
MinimumVisualStudioVersion = 10.0.40219.1
Project("{FAE04EC0-301F-11D3-BF4B-00C04F79EFBC}") = "WpfApp13", "WpfApp13.csproj", "{D153522C-79BF-4FB1-A2C7-3ED6E0545B7C}"
EndProject
Global
	GlobalSection(SolutionConfigurationPlatforms) = preSolution
		Debug|Any CPU = Debug|Any CPU
		Release|Any CPU = Release|Any CPU
	EndGlobalSection
	GlobalSection(ProjectConfigurationPlatforms) = postSolution
		{D153522C-79BF-4FB1-A2C7-3ED6E0545B7C}.Debug|Any CPU.ActiveCfg = Debug|Any CPU
		{D153522C-79BF-4FB1-A2C7-3ED6E0545B7C}.Debug|Any CPU.Build.0 = Debug|Any CPU
		{D153522C-79BF-4FB1-A2C7-3ED6E0545B7C}.Release|Any CPU.ActiveCfg = Release|Any CPU
		{D153522C-79BF-4FB1-A2C7-3ED6E0545B7C}.Release|Any CPU.Build.0 = Release|Any CPU
	EndGlobalSection
	GlobalSection(SolutionProperties) = preSolution
		HideSolutionNode = FALSE
	EndGlobalSection
	GlobalSection(ExtensibilityGlobals) = postSolution
		SolutionGuid = {370B03FE-6618-435D-87E9-4BA43E120080}
	EndGlobalSection
EndGlobal
